
Microsoft Visual Studio Solution File, Format Version 12.00
# Visual Studio Version 16
VisualStudioVersion = 16.6.30114.105
MinimumVisualStudioVersion = 10.0.40219.1
Project("{9A19103F-16F7-4668-BE54-9A1E7A4F7556}") = "Autobarn.Website", "Autobarn.Website\Autobarn.Website.csproj", "{BA806410-F779-461A-B4F1-D97D7289FB5B}"
EndProject
Project("{9A19103F-16F7-4668-BE54-9A1E7A4F7556}") = "Autobarn.Data", "Autobarn.Data\Autobarn.Data.csproj", "{8B6C8131-EBC3-4DE2-8CE6-707484BA1BAE}"
EndProject
Project("{9A19103F-16F7-4668-BE54-9A1E7A4F7556}") = "Autobarn.Website.Tests", "Autobarn.Website.Tests\Autobarn.Website.Tests.csproj", "{39C4F7B7-43D1-493F-97EE-E7C57D6C7F07}"
EndProject
Project("{2150E333-8FDC-42A3-9474-1A3956D46DE8}") = "WebApi", "WebApi", "{0534AA78-3DBF-4505-B65D-F5644034FFF2}"
EndProject
Project("{2150E333-8FDC-42A3-9474-1A3956D46DE8}") = "PubSub", "PubSub", "{09EC825E-5E9C-4816-A8AC-868DFDB69940}"
EndProject
Project("{9A19103F-16F7-4668-BE54-9A1E7A4F7556}") = "Subscriber", "..\pubsub\Subscriber\Subscriber.csproj", "{5EE05035-009B-4998-A373-7420409F4E19}"
EndProject
Project("{9A19103F-16F7-4668-BE54-9A1E7A4F7556}") = "Publisher", "..\pubsub\Publisher\Publisher.csproj", "{D8D83B48-FD13-4CFC-92C4-2C2431063AAB}"
EndProject
Project("{9A19103F-16F7-4668-BE54-9A1E7A4F7556}") = "Messages", "..\pubsub\Messages\Messages.csproj", "{080F2B3A-2633-4791-A5B1-4B7EAB2CE52C}"
EndProject
Global
	GlobalSection(SolutionConfigurationPlatforms) = preSolution
		Debug|Any CPU = Debug|Any CPU
		Debug|x64 = Debug|x64
		Debug|x86 = Debug|x86
		Release|Any CPU = Release|Any CPU
		Release|x64 = Release|x64
		Release|x86 = Release|x86
	EndGlobalSection
	GlobalSection(ProjectConfigurationPlatforms) = postSolution
		{BA806410-F779-461A-B4F1-D97D7289FB5B}.Debug|Any CPU.ActiveCfg = Debug|Any CPU
		{BA806410-F779-461A-B4F1-D97D7289FB5B}.Debug|Any CPU.Build.0 = Debug|Any CPU
		{BA806410-F779-461A-B4F1-D97D7289FB5B}.Debug|x64.ActiveCfg = Debug|Any CPU
		{BA806410-F779-461A-B4F1-D97D7289FB5B}.Debug|x64.Build.0 = Debug|Any CPU
		{BA806410-F779-461A-B4F1-D97D7289FB5B}.Debug|x86.ActiveCfg = Debug|Any CPU
		{BA806410-F779-461A-B4F1-D97D7289FB5B}.Debug|x86.Build.0 = Debug|Any CPU
		{BA806410-F779-461A-B4F1-D97D7289FB5B}.Release|Any CPU.ActiveCfg = Release|Any CPU
		{BA806410-F779-461A-B4F1-D97D7289FB5B}.Release|Any CPU.Build.0 = Release|Any CPU
		{BA806410-F779-461A-B4F1-D97D7289FB5B}.Release|x64.ActiveCfg = Release|Any CPU
		{BA806410-F779-461A-B4F1-D97D7289FB5B}.Release|x64.Build.0 = Release|Any CPU
		{BA806410-F779-461A-B4F1-D97D7289FB5B}.Release|x86.ActiveCfg = Release|Any CPU
		{BA806410-F779-461A-B4F1-D97D7289FB5B}.Release|x86.Build.0 = Release|Any CPU
		{8B6C8131-EBC3-4DE2-8CE6-707484BA1BAE}.Debug|Any CPU.ActiveCfg = Debug|Any CPU
		{8B6C8131-EBC3-4DE2-8CE6-707484BA1BAE}.Debug|Any CPU.Build.0 = Debug|Any CPU
		{8B6C8131-EBC3-4DE2-8CE6-707484BA1BAE}.Debug|x64.ActiveCfg = Debug|Any CPU
		{8B6C8131-EBC3-4DE2-8CE6-707484BA1BAE}.Debug|x64.Build.0 = Debug|Any CPU
		{8B6C8131-EBC3-4DE2-8CE6-707484BA1BAE}.Debug|x86.ActiveCfg = Debug|Any CPU
		{8B6C8131-EBC3-4DE2-8CE6-707484BA1BAE}.Debug|x86.Build.0 = Debug|Any CPU
		{8B6C8131-EBC3-4DE2-8CE6-707484BA1BAE}.Release|Any CPU.ActiveCfg = Release|Any CPU
		{8B6C8131-EBC3-4DE2-8CE6-707484BA1BAE}.Release|Any CPU.Build.0 = Release|Any CPU
		{8B6C8131-EBC3-4DE2-8CE6-707484BA1BAE}.Release|x64.ActiveCfg = Release|Any CPU
		{8B6C8131-EBC3-4DE2-8CE6-707484BA1BAE}.Release|x64.Build.0 = Release|Any CPU
		{8B6C8131-EBC3-4DE2-8CE6-707484BA1BAE}.Release|x86.ActiveCfg = Release|Any CPU
		{8B6C8131-EBC3-4DE2-8CE6-707484BA1BAE}.Release|x86.Build.0 = Release|Any CPU
		{39C4F7B7-43D1-493F-97EE-E7C57D6C7F07}.Debug|Any CPU.ActiveCfg = Debug|Any CPU
		{39C4F7B7-43D1-493F-97EE-E7C57D6C7F07}.Debug|Any CPU.Build.0 = Debug|Any CPU
		{39C4F7B7-43D1-493F-97EE-E7C57D6C7F07}.Debug|x64.ActiveCfg = Debug|Any CPU
		{39C4F7B7-43D1-493F-97EE-E7C57D6C7F07}.Debug|x64.Build.0 = Debug|Any CPU
		{39C4F7B7-43D1-493F-97EE-E7C57D6C7F07}.Debug|x86.ActiveCfg = Debug|Any CPU
		{39C4F7B7-43D1-493F-97EE-E7C57D6C7F07}.Debug|x86.Build.0 = Debug|Any CPU
		{39C4F7B7-43D1-493F-97EE-E7C57D6C7F07}.Release|Any CPU.ActiveCfg = Release|Any CPU
		{39C4F7B7-43D1-493F-97EE-E7C57D6C7F07}.Release|Any CPU.Build.0 = Release|Any CPU
		{39C4F7B7-43D1-493F-97EE-E7C57D6C7F07}.Release|x64.ActiveCfg = Release|Any CPU
		{39C4F7B7-43D1-493F-97EE-E7C57D6C7F07}.Release|x64.Build.0 = Release|Any CPU
		{39C4F7B7-43D1-493F-97EE-E7C57D6C7F07}.Release|x86.ActiveCfg = Release|Any CPU
		{39C4F7B7-43D1-493F-97EE-E7C57D6C7F07}.Release|x86.Build.0 = Release|Any CPU
		{5EE05035-009B-4998-A373-7420409F4E19}.Debug|Any CPU.ActiveCfg = Debug|Any CPU
		{5EE05035-009B-4998-A373-7420409F4E19}.Debug|Any CPU.Build.0 = Debug|Any CPU
		{5EE05035-009B-4998-A373-7420409F4E19}.Debug|x64.ActiveCfg = Debug|Any CPU
		{5EE05035-009B-4998-A373-7420409F4E19}.Debug|x64.Build.0 = Debug|Any CPU
		{5EE05035-009B-4998-A373-7420409F4E19}.Debug|x86.ActiveCfg = Debug|Any CPU
		{5EE05035-009B-4998-A373-7420409F4E19}.Debug|x86.Build.0 = Debug|Any CPU
		{5EE05035-009B-4998-A373-7420409F4E19}.Release|Any CPU.ActiveCfg = Release|Any CPU
		{5EE05035-009B-4998-A373-7420409F4E19}.Release|Any CPU.Build.0 = Release|Any CPU
		{5EE05035-009B-4998-A373-7420409F4E19}.Release|x64.ActiveCfg = Release|Any CPU
		{5EE05035-009B-4998-A373-7420409F4E19}.Release|x64.Build.0 = Release|Any CPU
		{5EE05035-009B-4998-A373-7420409F4E19}.Release|x86.ActiveCfg = Release|Any CPU
		{5EE05035-009B-4998-A373-7420409F4E19}.Release|x86.Build.0 = Release|Any CPU
		{D8D83B48-FD13-4CFC-92C4-2C2431063AAB}.Debug|Any CPU.ActiveCfg = Debug|Any CPU
		{D8D83B48-FD13-4CFC-92C4-2C2431063AAB}.Debug|Any CPU.Build.0 = Debug|Any CPU
		{D8D83B48-FD13-4CFC-92C4-2C2431063AAB}.Debug|x64.ActiveCfg = Debug|Any CPU
		{D8D83B48-FD13-4CFC-92C4-2C2431063AAB}.Debug|x64.Build.0 = Debug|Any CPU
		{D8D83B48-FD13-4CFC-92C4-2C2431063AAB}.Debug|x86.ActiveCfg = Debug|Any CPU
		{D8D83B48-FD13-4CFC-92C4-2C2431063AAB}.Debug|x86.Build.0 = Debug|Any CPU
		{D8D83B48-FD13-4CFC-92C4-2C2431063AAB}.Release|Any CPU.ActiveCfg = Release|Any CPU
		{D8D83B48-FD13-4CFC-92C4-2C2431063AAB}.Release|Any CPU.Build.0 = Release|Any CPU
		{D8D83B48-FD13-4CFC-92C4-2C2431063AAB}.Release|x64.ActiveCfg = Release|Any CPU
		{D8D83B48-FD13-4CFC-92C4-2C2431063AAB}.Release|x64.Build.0 = Release|Any CPU
		{D8D83B48-FD13-4CFC-92C4-2C2431063AAB}.Release|x86.ActiveCfg = Release|Any CPU
		{D8D83B48-FD13-4CFC-92C4-2C2431063AAB}.Release|x86.Build.0 = Release|Any CPU
		{080F2B3A-2633-4791-A5B1-4B7EAB2CE52C}.Debug|Any CPU.ActiveCfg = Debug|Any CPU
		{080F2B3A-2633-4791-A5B1-4B7EAB2CE52C}.Debug|Any CPU.Build.0 = Debug|Any CPU
		{080F2B3A-2633-4791-A5B1-4B7EAB2CE52C}.Debug|x64.ActiveCfg = Debug|Any CPU
		{080F2B3A-2633-4791-A5B1-4B7EAB2CE52C}.Debug|x64.Build.0 = Debug|Any CPU
		{080F2B3A-2633-4791-A5B1-4B7EAB2CE52C}.Debug|x86.ActiveCfg = Debug|Any CPU
		{080F2B3A-2633-4791-A5B1-4B7EAB2CE52C}.Debug|x86.Build.0 = Debug|Any CPU
		{080F2B3A-2633-4791-A5B1-4B7EAB2CE52C}.Release|Any CPU.ActiveCfg = Release|Any CPU
		{080F2B3A-2633-4791-A5B1-4B7EAB2CE52C}.Release|Any CPU.Build.0 = Release|Any CPU
		{080F2B3A-2633-4791-A5B1-4B7EAB2CE52C}.Release|x64.ActiveCfg = Release|Any CPU
		{080F2B3A-2633-4791-A5B1-4B7EAB2CE52C}.Release|x64.Build.0 = Release|Any CPU
		{080F2B3A-2633-4791-A5B1-4B7EAB2CE52C}.Release|x86.ActiveCfg = Release|Any CPU
		{080F2B3A-2633-4791-A5B1-4B7EAB2CE52C}.Release|x86.Build.0 = Release|Any CPU
	EndGlobalSection
	GlobalSection(SolutionProperties) = preSolution
		HideSolutionNode = FALSE
	EndGlobalSection
	GlobalSection(NestedProjects) = preSolution
		{BA806410-F779-461A-B4F1-D97D7289FB5B} = {0534AA78-3DBF-4505-B65D-F5644034FFF2}
		{8B6C8131-EBC3-4DE2-8CE6-707484BA1BAE} = {0534AA78-3DBF-4505-B65D-F5644034FFF2}
		{39C4F7B7-43D1-493F-97EE-E7C57D6C7F07} = {0534AA78-3DBF-4505-B65D-F5644034FFF2}
		{5EE05035-009B-4998-A373-7420409F4E19} = {09EC825E-5E9C-4816-A8AC-868DFDB69940}
		{D8D83B48-FD13-4CFC-92C4-2C2431063AAB} = {09EC825E-5E9C-4816-A8AC-868DFDB69940}
		{080F2B3A-2633-4791-A5B1-4B7EAB2CE52C} = {09EC825E-5E9C-4816-A8AC-868DFDB69940}
	EndGlobalSection
	GlobalSection(ExtensibilityGlobals) = postSolution
		SolutionGuid = {814780BF-5A46-426C-B53C-35F53BBBD9D3}
	EndGlobalSection
EndGlobal
